{
  "originHash" : "2ba5ed8c31e3d932c1871095dc7d2210f3fbe0eaa1b4286836f5aff8d5cfc899",
  "pins" : [
    {
      "identity" : "markdown-toc",
      "kind" : "remoteSourceControl",
      "location" : "https://github.com/inamiy/markdown-toc.git",
      "state" : {
        "branch" : "main",
        "revision" : "93821fff8d991ff221cafee7f954fe9d150ea1c8"
      }
    },
    {
      "identity" : "swift-argument-parser",
      "kind" : "remoteSourceControl",
      "location" : "https://github.com/apple/swift-argument-parser.git",
      "state" : {
        "revision" : "626b5b7b2f45e1b0b1c6f4a309296d1d21d7311b",
        "version" : "1.7.1"
      }
    },
    {
      "identity" : "swift-cmark",
      "kind" : "remoteSourceControl",
      "location" : "https://github.com/swiftlang/swift-cmark.git",
      "state" : {
        "branch" : "gfm",
        "revision" : "924936d0427cb25a61169739a7660230bffa6ea6"
      }
    },
    {
      "identity" : "swift-markdown",
      "kind" : "remoteSourceControl",
      "location" : "https://github.com/swiftlang/swift-markdown.git",
      "state" : {
        "revision" : "55d66d9a9e8d4fd3f48d111b0d437e82fe451903"
      }
    }
  ],
  "version" : 3
}
